
Microsoft Visual Studio Solution File, Format Version 12.00
# Visual Studio Version 17
VisualStudioVersion = 17.7.34031.279
MinimumVisualStudioVersion = 10.0.40219.1
Project("{FAE04EC0-301F-11D3-BF4B-00C04F79EFBC}") = "WindowsFormsApp1", "WindowsFormsApp1\WindowsFormsApp1.csproj", "{493CF9F0-1A8D-4BE7-83ED-262364ED156E}"
EndProject
Global
	GlobalSection(SolutionConfigurationPlatforms) = preSolution
		Debug|Any CPU = Debug|Any CPU
		Release|Any CPU = Release|Any CPU
	EndGlobalSection
	GlobalSection(ProjectConfigurationPlatforms) = postSolution
		{493CF9F0-1A8D-4BE7-83ED-262364ED156E}.Debug|Any CPU.ActiveCfg = Debug|Any CPU
		{493CF9F0-1A8D-4BE7-83ED-262364ED156E}.Debug|Any CPU.Build.0 = Debug|Any CPU
		{493CF9F0-1A8D-4BE7-83ED-262364ED156E}.Release|Any CPU.ActiveCfg = Release|Any CPU
		{493CF9F0-1A8D-4BE7-83ED-262364ED156E}.Release|Any CPU.Build.0 = Release|Any CPU
	EndGlobalSection
	GlobalSection(SolutionProperties) = preSolution
		HideSolutionNode = FALSE
	EndGlobalSection
	GlobalSection(ExtensibilityGlobals) = postSolution
		SolutionGuid = {812B383D-F9B1-44F3-87BA-0CC11E800883}
	EndGlobalSection
EndGlobal
